
Microsoft Visual Studio Solution File, Format Version 12.00
# Visual Studio Version 16
VisualStudioVersion = 16.0.31129.286
MinimumVisualStudioVersion = 10.0.40219.1
Project("{2150E333-8FDC-42A3-9474-1A3956D46DE8}") = "src", "src", "{73B93F93-5002-47CE-B125-1AFA5FEEA82F}"
EndProject
Project("{2150E333-8FDC-42A3-9474-1A3956D46DE8}") = "Services", "Services", "{EEE9883B-0688-4337-8971-A11A6215B822}"
EndProject
Project("{2150E333-8FDC-42A3-9474-1A3956D46DE8}") = "Common.Libs", "Common.Libs", "{733BF3D0-6940-4115-91D2-AB8817C9F2E8}"
EndProject
Project("{2150E333-8FDC-42A3-9474-1A3956D46DE8}") = "ApiGateway", "ApiGateway", "{96A4D653-22F5-4B18-B5CA-EBE961658FB2}"
EndProject
Project("{2150E333-8FDC-42A3-9474-1A3956D46DE8}") = "WebApp", "WebApp", "{B4B9BDC2-620C-4093-84E8-13EC612D4BAE}"
EndProject
Project("{2150E333-8FDC-42A3-9474-1A3956D46DE8}") = "Products", "Products", "{6758A4DE-56FF-4835-869C-547CD8C16169}"
EndProject
Project("{9A19103F-16F7-4668-BE54-9A1E7A4F7556}") = "Products.Core", "src\Services\Products\Product.Core\Products.Core.csproj", "{AFA16B38-1FBB-4CB1-8BD0-3D2C5214D9AB}"
EndProject
Project("{9A19103F-16F7-4668-BE54-9A1E7A4F7556}") = "Products.Infrastructure", "src\Services\Products\Product.Infrastructure\Products.Infrastructure.csproj", "{57FC6DD6-730A-410D-9AC3-D99F2A5843AB}"
EndProject
Project("{9A19103F-16F7-4668-BE54-9A1E7A4F7556}") = "Products.WebApi", "src\Services\Products\Product.WebApi\Products.WebApi.csproj", "{FBA1AF20-156A-4A4E-8F40-065820C00EC1}"
EndProject
Project("{9A19103F-16F7-4668-BE54-9A1E7A4F7556}") = "ApplicationFoundation", "src\Common.Libs\ApplicationFoundation\ApplicationFoundation.csproj", "{BDD4B74B-2865-4418-ACC8-8EC26A9C3162}"
EndProject
Project("{9A19103F-16F7-4668-BE54-9A1E7A4F7556}") = "ConfigManager.Lib", "src\Common.Libs\ConfigManager.Lib\ConfigManager.Lib.csproj", "{7A0931D2-ABE9-44C0-8C26-60F69626745F}"
EndProject
Project("{9A19103F-16F7-4668-BE54-9A1E7A4F7556}") = "ClientLibrary", "src\Common.Libs\ClientLibrary\ClientLibrary.csproj", "{84FFBCA3-01EB-45EB-A71C-00007B97BFC4}"
EndProject
Project("{9A19103F-16F7-4668-BE54-9A1E7A4F7556}") = "ExceptionManager.Lib", "src\Common.Libs\ExceptionManager.Lib\ExceptionManager.Lib.csproj", "{9796E657-69A2-448A-AE20-7E7661CE87AF}"
EndProject
Project("{9A19103F-16F7-4668-BE54-9A1E7A4F7556}") = "CacheManager.Lib", "src\Common.Libs\CacheManager.Lib\CacheManager.Lib.csproj", "{4CCE2F15-B8C0-4341-93E0-A9AC2BD80DE5}"
EndProject
Project("{9A19103F-16F7-4668-BE54-9A1E7A4F7556}") = "ServiceBusManager.Lib", "src\Common.Libs\ServiceBusManager.Lib\ServiceBusManager.Lib.csproj", "{C92DDCAE-4A9A-4913-BCAC-A18C80FBD426}"
EndProject
Project("{9A19103F-16F7-4668-BE54-9A1E7A4F7556}") = "SessionManager.Lib", "src\Common.Libs\SessionManager.Lib\SessionManager.Lib.csproj", "{90EEDCF4-152C-4DAA-9870-C41DA6B7F26F}"
EndProject
Global
	GlobalSection(SolutionConfigurationPlatforms) = preSolution
		Debug|Any CPU = Debug|Any CPU
		Release|Any CPU = Release|Any CPU
	EndGlobalSection
	GlobalSection(ProjectConfigurationPlatforms) = postSolution
		{AFA16B38-1FBB-4CB1-8BD0-3D2C5214D9AB}.Debug|Any CPU.ActiveCfg = Debug|Any CPU
		{AFA16B38-1FBB-4CB1-8BD0-3D2C5214D9AB}.Debug|Any CPU.Build.0 = Debug|Any CPU
		{AFA16B38-1FBB-4CB1-8BD0-3D2C5214D9AB}.Release|Any CPU.ActiveCfg = Release|Any CPU
		{AFA16B38-1FBB-4CB1-8BD0-3D2C5214D9AB}.Release|Any CPU.Build.0 = Release|Any CPU
		{57FC6DD6-730A-410D-9AC3-D99F2A5843AB}.Debug|Any CPU.ActiveCfg = Debug|Any CPU
		{57FC6DD6-730A-410D-9AC3-D99F2A5843AB}.Debug|Any CPU.Build.0 = Debug|Any CPU
		{57FC6DD6-730A-410D-9AC3-D99F2A5843AB}.Release|Any CPU.ActiveCfg = Release|Any CPU
		{57FC6DD6-730A-410D-9AC3-D99F2A5843AB}.Release|Any CPU.Build.0 = Release|Any CPU
		{FBA1AF20-156A-4A4E-8F40-065820C00EC1}.Debug|Any CPU.ActiveCfg = Debug|Any CPU
		{FBA1AF20-156A-4A4E-8F40-065820C00EC1}.Debug|Any CPU.Build.0 = Debug|Any CPU
		{FBA1AF20-156A-4A4E-8F40-065820C00EC1}.Release|Any CPU.ActiveCfg = Release|Any CPU
		{FBA1AF20-156A-4A4E-8F40-065820C00EC1}.Release|Any CPU.Build.0 = Release|Any CPU
		{BDD4B74B-2865-4418-ACC8-8EC26A9C3162}.Debug|Any CPU.ActiveCfg = Debug|Any CPU
		{BDD4B74B-2865-4418-ACC8-8EC26A9C3162}.Debug|Any CPU.Build.0 = Debug|Any CPU
		{BDD4B74B-2865-4418-ACC8-8EC26A9C3162}.Release|Any CPU.ActiveCfg = Release|Any CPU
		{BDD4B74B-2865-4418-ACC8-8EC26A9C3162}.Release|Any CPU.Build.0 = Release|Any CPU
		{7A0931D2-ABE9-44C0-8C26-60F69626745F}.Debug|Any CPU.ActiveCfg = Debug|Any CPU
		{7A0931D2-ABE9-44C0-8C26-60F69626745F}.Debug|Any CPU.Build.0 = Debug|Any CPU
		{7A0931D2-ABE9-44C0-8C26-60F69626745F}.Release|Any CPU.ActiveCfg = Release|Any CPU
		{7A0931D2-ABE9-44C0-8C26-60F69626745F}.Release|Any CPU.Build.0 = Release|Any CPU
		{84FFBCA3-01EB-45EB-A71C-00007B97BFC4}.Debug|Any CPU.ActiveCfg = Debug|Any CPU
		{84FFBCA3-01EB-45EB-A71C-00007B97BFC4}.Debug|Any CPU.Build.0 = Debug|Any CPU
		{84FFBCA3-01EB-45EB-A71C-00007B97BFC4}.Release|Any CPU.ActiveCfg = Release|Any CPU
		{84FFBCA3-01EB-45EB-A71C-00007B97BFC4}.Release|Any CPU.Build.0 = Release|Any CPU
		{9796E657-69A2-448A-AE20-7E7661CE87AF}.Debug|Any CPU.ActiveCfg = Debug|Any CPU
		{9796E657-69A2-448A-AE20-7E7661CE87AF}.Debug|Any CPU.Build.0 = Debug|Any CPU
		{9796E657-69A2-448A-AE20-7E7661CE87AF}.Release|Any CPU.ActiveCfg = Release|Any CPU
		{9796E657-69A2-448A-AE20-7E7661CE87AF}.Release|Any CPU.Build.0 = Release|Any CPU
		{4CCE2F15-B8C0-4341-93E0-A9AC2BD80DE5}.Debug|Any CPU.ActiveCfg = Debug|Any CPU
		{4CCE2F15-B8C0-4341-93E0-A9AC2BD80DE5}.Debug|Any CPU.Build.0 = Debug|Any CPU
		{4CCE2F15-B8C0-4341-93E0-A9AC2BD80DE5}.Release|Any CPU.ActiveCfg = Release|Any CPU
		{4CCE2F15-B8C0-4341-93E0-A9AC2BD80DE5}.Release|Any CPU.Build.0 = Release|Any CPU
		{C92DDCAE-4A9A-4913-BCAC-A18C80FBD426}.Debug|Any CPU.ActiveCfg = Debug|Any CPU
		{C92DDCAE-4A9A-4913-BCAC-A18C80FBD426}.Debug|Any CPU.Build.0 = Debug|Any CPU
		{C92DDCAE-4A9A-4913-BCAC-A18C80FBD426}.Release|Any CPU.ActiveCfg = Release|Any CPU
		{C92DDCAE-4A9A-4913-BCAC-A18C80FBD426}.Release|Any CPU.Build.0 = Release|Any CPU
		{90EEDCF4-152C-4DAA-9870-C41DA6B7F26F}.Debug|Any CPU.ActiveCfg = Debug|Any CPU
		{90EEDCF4-152C-4DAA-9870-C41DA6B7F26F}.Debug|Any CPU.Build.0 = Debug|Any CPU
		{90EEDCF4-152C-4DAA-9870-C41DA6B7F26F}.Release|Any CPU.ActiveCfg = Release|Any CPU
		{90EEDCF4-152C-4DAA-9870-C41DA6B7F26F}.Release|Any CPU.Build.0 = Release|Any CPU
	EndGlobalSection
	GlobalSection(SolutionProperties) = preSolution
		HideSolutionNode = FALSE
	EndGlobalSection
	GlobalSection(NestedProjects) = preSolution
		{EEE9883B-0688-4337-8971-A11A6215B822} = {73B93F93-5002-47CE-B125-1AFA5FEEA82F}
		{733BF3D0-6940-4115-91D2-AB8817C9F2E8} = {73B93F93-5002-47CE-B125-1AFA5FEEA82F}
		{96A4D653-22F5-4B18-B5CA-EBE961658FB2} = {73B93F93-5002-47CE-B125-1AFA5FEEA82F}
		{B4B9BDC2-620C-4093-84E8-13EC612D4BAE} = {73B93F93-5002-47CE-B125-1AFA5FEEA82F}
		{6758A4DE-56FF-4835-869C-547CD8C16169} = {EEE9883B-0688-4337-8971-A11A6215B822}
		{AFA16B38-1FBB-4CB1-8BD0-3D2C5214D9AB} = {6758A4DE-56FF-4835-869C-547CD8C16169}
		{57FC6DD6-730A-410D-9AC3-D99F2A5843AB} = {6758A4DE-56FF-4835-869C-547CD8C16169}
		{FBA1AF20-156A-4A4E-8F40-065820C00EC1} = {6758A4DE-56FF-4835-869C-547CD8C16169}
		{BDD4B74B-2865-4418-ACC8-8EC26A9C3162} = {733BF3D0-6940-4115-91D2-AB8817C9F2E8}
		{7A0931D2-ABE9-44C0-8C26-60F69626745F} = {733BF3D0-6940-4115-91D2-AB8817C9F2E8}
		{84FFBCA3-01EB-45EB-A71C-00007B97BFC4} = {733BF3D0-6940-4115-91D2-AB8817C9F2E8}
		{9796E657-69A2-448A-AE20-7E7661CE87AF} = {733BF3D0-6940-4115-91D2-AB8817C9F2E8}
		{4CCE2F15-B8C0-4341-93E0-A9AC2BD80DE5} = {733BF3D0-6940-4115-91D2-AB8817C9F2E8}
		{C92DDCAE-4A9A-4913-BCAC-A18C80FBD426} = {733BF3D0-6940-4115-91D2-AB8817C9F2E8}
		{90EEDCF4-152C-4DAA-9870-C41DA6B7F26F} = {733BF3D0-6940-4115-91D2-AB8817C9F2E8}
	EndGlobalSection
	GlobalSection(ExtensibilityGlobals) = postSolution
		SolutionGuid = {D504E78B-C8AA-4BFF-A173-023EDB17FFF3}
	EndGlobalSection
EndGlobal
